
Microsoft Visual Studio Solution File, Format Version 12.00
# Visual Studio Version 17
VisualStudioVersion = 17.0.31903.59
MinimumVisualStudioVersion = 10.0.40219.1
Project("{FAE04EC0-301F-11D3-BF4B-00C04F79EFBC}") = "CommandLib", "CommandLib\CommandLib.csproj", "{5CEEFA40-79CA-4B40-9B29-DA18FB6D005B}"
EndProject
Project("{FAE04EC0-301F-11D3-BF4B-00C04F79EFBC}") = "task17", "task17\task17.csproj", "{8378519C-747F-4B31-81B9-409F0C4FCBD8}"
EndProject
Project("{FAE04EC0-301F-11D3-BF4B-00C04F79EFBC}") = "task17tests", "task17tests\task17tests.csproj", "{BC2236E2-3ED3-43A5-88D3-A8E6CD1DD46D}"
EndProject
Project("{FAE04EC0-301F-11D3-BF4B-00C04F79EFBC}") = "RoundRobbinScheduler", "RoundRobbinScheduler\RoundRobbinScheduler.csproj", "{6F161189-27DA-4635-A2EB-09663269358C}"
EndProject
Project("{FAE04EC0-301F-11D3-BF4B-00C04F79EFBC}") = "task18tests", "task18tests\task18tests.csproj", "{81CE1F35-BC80-4228-8AC7-ABA97268E45A}"
EndProject
Project("{FAE04EC0-301F-11D3-BF4B-00C04F79EFBC}") = "task18", "task18\task18.csproj", "{AD207CF0-7154-4A0F-B046-B359673F1937}"
EndProject
Global
	GlobalSection(SolutionConfigurationPlatforms) = preSolution
		Debug|Any CPU = Debug|Any CPU
		Release|Any CPU = Release|Any CPU
	EndGlobalSection
	GlobalSection(SolutionProperties) = preSolution
		HideSolutionNode = FALSE
	EndGlobalSection
	GlobalSection(ProjectConfigurationPlatforms) = postSolution
		{5CEEFA40-79CA-4B40-9B29-DA18FB6D005B}.Debug|Any CPU.ActiveCfg = Debug|Any CPU
		{5CEEFA40-79CA-4B40-9B29-DA18FB6D005B}.Debug|Any CPU.Build.0 = Debug|Any CPU
		{5CEEFA40-79CA-4B40-9B29-DA18FB6D005B}.Release|Any CPU.ActiveCfg = Release|Any CPU
		{5CEEFA40-79CA-4B40-9B29-DA18FB6D005B}.Release|Any CPU.Build.0 = Release|Any CPU
		{8378519C-747F-4B31-81B9-409F0C4FCBD8}.Debug|Any CPU.ActiveCfg = Debug|Any CPU
		{8378519C-747F-4B31-81B9-409F0C4FCBD8}.Debug|Any CPU.Build.0 = Debug|Any CPU
		{8378519C-747F-4B31-81B9-409F0C4FCBD8}.Release|Any CPU.ActiveCfg = Release|Any CPU
		{8378519C-747F-4B31-81B9-409F0C4FCBD8}.Release|Any CPU.Build.0 = Release|Any CPU
		{BC2236E2-3ED3-43A5-88D3-A8E6CD1DD46D}.Debug|Any CPU.ActiveCfg = Debug|Any CPU
		{BC2236E2-3ED3-43A5-88D3-A8E6CD1DD46D}.Debug|Any CPU.Build.0 = Debug|Any CPU
		{BC2236E2-3ED3-43A5-88D3-A8E6CD1DD46D}.Release|Any CPU.ActiveCfg = Release|Any CPU
		{BC2236E2-3ED3-43A5-88D3-A8E6CD1DD46D}.Release|Any CPU.Build.0 = Release|Any CPU
		{6F161189-27DA-4635-A2EB-09663269358C}.Debug|Any CPU.ActiveCfg = Debug|Any CPU
		{6F161189-27DA-4635-A2EB-09663269358C}.Debug|Any CPU.Build.0 = Debug|Any CPU
		{6F161189-27DA-4635-A2EB-09663269358C}.Release|Any CPU.ActiveCfg = Release|Any CPU
		{6F161189-27DA-4635-A2EB-09663269358C}.Release|Any CPU.Build.0 = Release|Any CPU
		{81CE1F35-BC80-4228-8AC7-ABA97268E45A}.Debug|Any CPU.ActiveCfg = Debug|Any CPU
		{81CE1F35-BC80-4228-8AC7-ABA97268E45A}.Debug|Any CPU.Build.0 = Debug|Any CPU
		{81CE1F35-BC80-4228-8AC7-ABA97268E45A}.Release|Any CPU.ActiveCfg = Release|Any CPU
		{81CE1F35-BC80-4228-8AC7-ABA97268E45A}.Release|Any CPU.Build.0 = Release|Any CPU
		{AD207CF0-7154-4A0F-B046-B359673F1937}.Debug|Any CPU.ActiveCfg = Debug|Any CPU
		{AD207CF0-7154-4A0F-B046-B359673F1937}.Debug|Any CPU.Build.0 = Debug|Any CPU
		{AD207CF0-7154-4A0F-B046-B359673F1937}.Release|Any CPU.ActiveCfg = Release|Any CPU
		{AD207CF0-7154-4A0F-B046-B359673F1937}.Release|Any CPU.Build.0 = Release|Any CPU
	EndGlobalSection
EndGlobal
